
Microsoft Visual Studio Solution File, Format Version 12.00
# Visual Studio Version 16
VisualStudioVersion = 16.0.31911.196
MinimumVisualStudioVersion = 10.0.40219.1
Project("{FAE04EC0-301F-11D3-BF4B-00C04F79EFBC}") = "StoryPrg", "StoryPrg.csproj", "{93D8B8FC-E9CA-49EC-AA3C-739C6F6D7ADA}"
EndProject
Global
	GlobalSection(SolutionConfigurationPlatforms) = preSolution
		Debug|Any CPU = Debug|Any CPU
		Release|Any CPU = Release|Any CPU
	EndGlobalSection
	GlobalSection(ProjectConfigurationPlatforms) = postSolution
		{93D8B8FC-E9CA-49EC-AA3C-739C6F6D7ADA}.Debug|Any CPU.ActiveCfg = Debug|Any CPU
		{93D8B8FC-E9CA-49EC-AA3C-739C6F6D7ADA}.Debug|Any CPU.Build.0 = Debug|Any CPU
		{93D8B8FC-E9CA-49EC-AA3C-739C6F6D7ADA}.Release|Any CPU.ActiveCfg = Release|Any CPU
		{93D8B8FC-E9CA-49EC-AA3C-739C6F6D7ADA}.Release|Any CPU.Build.0 = Release|Any CPU
	EndGlobalSection
	GlobalSection(SolutionProperties) = preSolution
		HideSolutionNode = FALSE
	EndGlobalSection
	GlobalSection(ExtensibilityGlobals) = postSolution
		SolutionGuid = {39A229AE-89F9-4F19-98B3-EAA286CFDB06}
	EndGlobalSection
EndGlobal
