
Microsoft Visual Studio Solution File, Format Version 12.00
# Visual Studio Version 16
VisualStudioVersion = 16.0.31729.503
MinimumVisualStudioVersion = 10.0.40219.1
Project("{FAE04EC0-301F-11D3-BF4B-00C04F79EFBC}") = "JOB REQ", "JOB REQ.csproj", "{554695DD-730E-44EE-A1D8-99AFB55BA06E}"
EndProject
Global
	GlobalSection(SolutionConfigurationPlatforms) = preSolution
		Debug|Any CPU = Debug|Any CPU
		Release|Any CPU = Release|Any CPU
	EndGlobalSection
	GlobalSection(ProjectConfigurationPlatforms) = postSolution
		{554695DD-730E-44EE-A1D8-99AFB55BA06E}.Debug|Any CPU.ActiveCfg = Debug|Any CPU
		{554695DD-730E-44EE-A1D8-99AFB55BA06E}.Debug|Any CPU.Build.0 = Debug|Any CPU
		{554695DD-730E-44EE-A1D8-99AFB55BA06E}.Release|Any CPU.ActiveCfg = Release|Any CPU
		{554695DD-730E-44EE-A1D8-99AFB55BA06E}.Release|Any CPU.Build.0 = Release|Any CPU
	EndGlobalSection
	GlobalSection(SolutionProperties) = preSolution
		HideSolutionNode = FALSE
	EndGlobalSection
	GlobalSection(ExtensibilityGlobals) = postSolution
		SolutionGuid = {975DD71F-C514-4E45-B08F-C4E52B687875}
	EndGlobalSection
EndGlobal
